// !$*UTF8*$!
{
	archiveVersion = 1;
	classes = {
	};
	objectVersion = 46;
	objects = {

/* Begin PBXBuildFile section */
		D96725BA1BEEC2E60087C796 /* main.m in Sources */ = {isa = PBXBuildFile; fileRef = D96725B91BEEC2E60087C796 /* main.m */; };
/* End PBXBuildFile section */

/* Begin PBXCopyFilesBuildPhase section */
		D96725B41BEEC2E60087C796 /* CopyFiles */ = {
			isa = PBXCopyFilesBuildPhase;
			buildActionMask = 2147483647;
			dstPath = /usr/share/man/man1/;
			dstSubfolderSpec = 0;
			files = (
			);
			runOnlyForDeploymentPostprocessing = 1;
		};
/* End PBXCopyFilesBuildPhase section */

/* Begin PBXFileReference section */
		D96725B61BEEC2E60087C796 /* Conor Sweeney Day Of The Week Test */ = {isa = PBXFileReference; explicitFileType = "compiled.mach-o.executable"; includeInIndex = 0; path = "Conor Sweeney Day Of The Week Test"; sourceTree = BUILT_PRODUCTS_DIR; };
		D96725B91BEEC2E60087C796 /* main.m */ = {isa = PBXFileReference; lastKnownFileType = sourcecode.c.objc; path = main.m; sourceTree = "<group>"; };
/* End PBXFileReference section */

/* Begin PBXFrameworksBuildPhase section */
		D96725B31BEEC2E60087C796 /* Frameworks */ = {
			isa = PBXFrameworksBuildPhase;
			buildActionMask = 2147483647;
			files = (
			);
			runOnlyForDeploymentPostprocessing = 0;
		};
/* End PBXFrameworksBuildPhase section */

/* Begin PBXGroup section */
		D96725AD1BEEC2E60087C796 = {
			isa = PBXGroup;
			children = (
				D96725B81BEEC2E60087C796 /* Conor Sweeney Day Of The Week Test */,
				D96725B71BEEC2E60087C796 /* Products */,
			);
			sourceTree = "<group>";
		};
		D96725B71BEEC2E60087C796 /* Products */ = {
			isa = PBXGroup;
			children = (
				D96725B61BEEC2E60087C796 /* Conor Sweeney Day Of The Week Test */,
			);
			name = Products;
			sourceTree = "<group>";
		};
		D96725B81BEEC2E60087C796 /* Conor Sweeney Day Of The Week Test */ = {
			isa = PBXGroup;
			children = (
				D96725B91BEEC2E60087C796 /* main.m */,
			);
			path = "Conor Sweeney Day Of The Week Test";
			sourceTree = "<group>";
		};
/* End PBXGroup section */

/* Begin PBXNativeTarget section */
		D96725B51BEEC2E60087C796 /* Conor Sweeney Day Of The Week Test */ = {
			isa = PBXNativeTarget;
			buildConfigurationList = D96725BD1BEEC2E60087C796 /* Build configuration list for PBXNativeTarget "Conor Sweeney Day Of The Week Test" */;
			buildPhases = (
				D96725B21BEEC2E60087C796 /* Sources */,
				D96725B31BEEC2E60087C796 /* Frameworks */,
				D96725B41BEEC2E60087C796 /* CopyFiles */,
			);
			buildRules = (
			);
			dependencies = (
			);
			name = "Conor Sweeney Day Of The Week Test";
			productName = "Conor Sweeney Day Of The Week Test";
			productReference = D96725B61BEEC2E60087C796 /* Conor Sweeney Day Of The Week Test */;
			productType = "com.apple.product-type.tool";
		};
/* End PBXNativeTarget section */

/* Begin PBXProject section */
		D96725AE1BEEC2E60087C796 /* Project object */ = {
			isa = PBXProject;
			attributes = {
				LastUpgradeCheck = 0710;
				ORGANIZATIONNAME = "Conor Sweeney";
				TargetAttributes = {
					D96725B51BEEC2E60087C796 = {
						CreatedOnToolsVersion = 7.1;
					};
				};
			};
			buildConfigurationList = D96725B11BEEC2E60087C796 /* Build configuration list for PBXProject "Conor Sweeney Day Of The Week Test" */;
			compatibilityVersion = "Xcode 3.2";
			developmentRegion = English;
			hasScannedForEncodings = 0;
			knownRegions = (
				en,
			);
			mainGroup = D96725AD1BEEC2E60087C796;
			productRefGroup = D96725B71BEEC2E60087C796 /* Products */;
			projectDirPath = "";
			projectRoot = "";
			targets = (
				D96725B51BEEC2E60087C796 /* Conor Sweeney Day Of The Week Test */,
			);
		};
/* End PBXProject section */

/* Begin PBXSourcesBuildPhase section */
		D96725B21BEEC2E60087C796 /* Sources */ = {
			isa = PBXSourcesBuildPhase;
			buildActionMask = 2147483647;
			files = (
				D96725BA1BEEC2E60087C796 /* main.m in Sources */,
			);
			runOnlyForDeploymentPostprocessing = 0;
		};
/* End PBXSourcesBuildPhase section */

/* Begin XCBuildConfiguration section */
		D96725BB1BEEC2E60087C796 /* Debug */ = {
			isa = XCBuildConfiguration;
			buildSettings = {
				ALWAYS_SEARCH_USER_PATHS = NO;
				CLANG_CXX_LANGUAGE_STANDARD = "gnu++0x";
				CLANG_CXX_LIBRARY = "libc++";
				CLANG_ENABLE_MODULES = YES;
				CLANG_ENABLE_OBJC_ARC = YES;
				CLANG_WARN_BOOL_CONVERSION = YES;
				CLANG_WARN_CONSTANT_CONVERSION = YES;
				CLANG_WARN_DIRECT_OBJC_ISA_USAGE = YES_ERROR;
				CLANG_WARN_EMPTY_BODY = YES;
				CLANG_WARN_ENUM_CONVERSION = YES;
				CLANG_WARN_INT_CONVERSION = YES;
				CLANG_WARN_OBJC_ROOT_CLASS = YES_ERROR;
				CLANG_WARN_UNREACHABLE_CODE = YES;
				CLANG_WARN__DUPLICATE_METHOD_MATCH = YES;
				CODE_SIGN_IDENTITY = "-";
				COPY_PHASE_STRIP = NO;
				DEBUG_INFORMATION_FORMAT = dwarf;
				ENABLE_STRICT_OBJC_MSGSEND = YES;
				ENABLE_TESTABILITY = YES;
				GCC_C_LANGUAGE_STANDARD = gnu99;
				GCC_DYNAMIC_NO_PIC = NO;
				GCC_NO_COMMON_BLOCKS = YES;
				GCC_OPTIMIZATION_LEVEL = 0;
				GCC_PREPROCESSOR_DEFINITIONS = (
					"DEBUG=1",
					"$(inherited)",
				);
				GCC_WARN_64_TO_32_BIT_CONVERSION = YES;
				GCC_WARN_ABOUT_RETURN_TYPE = YES_ERROR;
				GCC_WARN_UNDECLARED_SELECTOR = YES;
				GCC_WARN_UNINITIALIZED_AUTOS = YES_AGGRESSIVE;
				GCC_WARN_UNUSED_FUNCTION = YES;
				GCC_WARN_UNUSED_VARIABLE = YES;
				MACOSX_DEPLOYMENT_TARGET = 10.11;
				MTL_ENABLE_DEBUG_INFO = YES;
				ONLY_ACTIVE_ARCH = YES;
				SDKROOT = macosx;
			};
			name = Debug;
		};
		D96725BC1BEEC2E60087C796 /* Release */ = {
			isa = XCBuildConfiguration;
			buildSettings = {
				ALWAYS_SEARCH_USER_PATHS = NO;
				CLANG_CXX_LANGUAGE_STANDARD = "gnu++0x";
				CLANG_CXX_LIBRARY = "libc++";
				CLANG_ENABLE_MODULES = YES;
				CLANG_ENABLE_OBJC_ARC = YES;
				CLANG_WARN_BOOL_CONVERSION = YES;
				CLANG_WARN_CONSTANT_CONVERSION = YES;
				CLANG_WARN_DIRECT_OBJC_ISA_USAGE = YES_ERROR;
				CLANG_WARN_EMPTY_BODY = YES;
				CLANG_WARN_ENUM_CONVERSION = YES;
				CLANG_WARN_INT_CONVERSION = YES;
				CLANG_WARN_OBJC_ROOT_CLASS = YES_ERROR;
				CLANG_WARN_UNREACHABLE_CODE = YES;
				CLANG_WARN__DUPLICATE_METHOD_MATCH = YES;
				CODE_SIGN_IDENTITY = "-";
				COPY_PHASE_STRIP = NO;
				DEBUG_INFORMATION_FORMAT = "dwarf-with-dsym";
				ENABLE_NS_ASSERTIONS = NO;
				ENABLE_STRICT_OBJC_MSGSEND = YES;
				GCC_C_LANGUAGE_STANDARD = gnu99;
				GCC_NO_COMMON_BLOCKS = YES;
				GCC_WARN_64_TO_32_BIT_CONVERSION = YES;
				GCC_WARN_ABOUT_RETURN_TYPE = YES_ERROR;
				GCC_WARN_UNDECLARED_SELECTOR = YES;
				GCC_WARN_UNINITIALIZED_AUTOS = YES_AGGRESSIVE;
				GCC_WARN_UNUSED_FUNCTION = YES;
				GCC_WARN_UNUSED_VARIABLE = YES;
				MACOSX_DEPLOYMENT_TARGET = 10.11;
				MTL_ENABLE_DEBUG_INFO = NO;
				SDKROOT = macosx;
			};
			name = Release;
		};
		D96725BE1BEEC2E60087C796 /* Debug */ = {
			isa = XCBuildConfiguration;
			buildSettings = {
				PRODUCT_NAME = "$(TARGET_NAME)";
			};
			name = Debug;
		};
		D96725BF1BEEC2E60087C796 /* Release */ = {
			isa = XCBuildConfiguration;
			buildSettings = {
				PRODUCT_NAME = "$(TARGET_NAME)";
			};
			name = Release;
		};
/* End XCBuildConfiguration section */

/* Begin XCConfigurationList section */
		D96725B11BEEC2E60087C796 /* Build configuration list for PBXProject "Conor Sweeney Day Of The Week Test" */ = {
			isa = XCConfigurationList;
			buildConfigurations = (
				D96725BB1BEEC2E60087C796 /* Debug */,
				D96725BC1BEEC2E60087C796 /* Release */,
			);
			defaultConfigurationIsVisible = 0;
			defaultConfigurationName = Release;
		};
		D96725BD1BEEC2E60087C796 /* Build configuration list for PBXNativeTarget "Conor Sweeney Day Of The Week Test" */ = {
			isa = XCConfigurationList;
			buildConfigurations = (
				D96725BE1BEEC2E60087C796 /* Debug */,
				D96725BF1BEEC2E60087C796 /* Release */,
			);
			defaultConfigurationIsVisible = 0;
		};
/* End XCConfigurationList section */
	};
	rootObject = D96725AE1BEEC2E60087C796 /* Project object */;
}
